
Microsoft Visual Studio Solution File, Format Version 12.00
# Visual Studio Version 16
VisualStudioVersion = 16.0.30104.148
MinimumVisualStudioVersion = 10.0.40219.1
Project("{FAE04EC0-301F-11D3-BF4B-00C04F79EFBC}") = "FileWatcherTeste", "FileWatcherTeste\FileWatcherTeste.csproj", "{7FF5F6D9-021A-43BA-BB24-88C804E41CAF}"
EndProject
Global
	GlobalSection(SolutionConfigurationPlatforms) = preSolution
		Debug|Any CPU = Debug|Any CPU
		Release|Any CPU = Release|Any CPU
	EndGlobalSection
	GlobalSection(ProjectConfigurationPlatforms) = postSolution
		{7FF5F6D9-021A-43BA-BB24-88C804E41CAF}.Debug|Any CPU.ActiveCfg = Debug|Any CPU
		{7FF5F6D9-021A-43BA-BB24-88C804E41CAF}.Debug|Any CPU.Build.0 = Debug|Any CPU
		{7FF5F6D9-021A-43BA-BB24-88C804E41CAF}.Release|Any CPU.ActiveCfg = Release|Any CPU
		{7FF5F6D9-021A-43BA-BB24-88C804E41CAF}.Release|Any CPU.Build.0 = Release|Any CPU
	EndGlobalSection
	GlobalSection(SolutionProperties) = preSolution
		HideSolutionNode = FALSE
	EndGlobalSection
	GlobalSection(ExtensibilityGlobals) = postSolution
		SolutionGuid = {6EF3D1E6-72BA-406F-AEAD-61D48D20C7F8}
	EndGlobalSection
EndGlobal
